
Microsoft Visual Studio Solution File, Format Version 12.00
# Visual Studio Version 17
VisualStudioVersion = 17.14.37516.0
MinimumVisualStudioVersion = 10.0.40219.1
Project("{888888A0-9F3D-457C-B088-3A5042F75D52}") = "Semana3", "Semana1\Semana3.pyproj", "{B728E374-729B-47C0-AB8E-86E983CAB0E0}"
EndProject
Project("{888888A0-9F3D-457C-B088-3A5042F75D52}") = "Semana4", "Semana2\Semana4.pyproj", "{0E9133CE-3CEF-45FD-AE77-1A52EAE5DD98}"
EndProject
Project("{888888A0-9F3D-457C-B088-3A5042F75D52}") = "Semana5", "Semana5\Semana5.pyproj", "{798145DA-58D9-465F-AF6B-B4191FCE5C26}"
EndProject
Project("{888888A0-9F3D-457C-B088-3A5042F75D52}") = "Semana6", "Semana6\Semana6.pyproj", "{43FC4A22-27FE-4121-A667-3F7B32732804}"
EndProject
Global
	GlobalSection(SolutionConfigurationPlatforms) = preSolution
		Debug|Any CPU = Debug|Any CPU
		Release|Any CPU = Release|Any CPU
	EndGlobalSection
	GlobalSection(ProjectConfigurationPlatforms) = postSolution
		{B728E374-729B-47C0-AB8E-86E983CAB0E0}.Debug|Any CPU.ActiveCfg = Debug|Any CPU
		{B728E374-729B-47C0-AB8E-86E983CAB0E0}.Release|Any CPU.ActiveCfg = Release|Any CPU
		{0E9133CE-3CEF-45FD-AE77-1A52EAE5DD98}.Debug|Any CPU.ActiveCfg = Debug|Any CPU
		{0E9133CE-3CEF-45FD-AE77-1A52EAE5DD98}.Release|Any CPU.ActiveCfg = Release|Any CPU
		{798145DA-58D9-465F-AF6B-B4191FCE5C26}.Debug|Any CPU.ActiveCfg = Debug|Any CPU
		{798145DA-58D9-465F-AF6B-B4191FCE5C26}.Release|Any CPU.ActiveCfg = Release|Any CPU
		{43FC4A22-27FE-4121-A667-3F7B32732804}.Debug|Any CPU.ActiveCfg = Debug|Any CPU
		{43FC4A22-27FE-4121-A667-3F7B32732804}.Release|Any CPU.ActiveCfg = Release|Any CPU
	EndGlobalSection
	GlobalSection(SolutionProperties) = preSolution
		HideSolutionNode = FALSE
	EndGlobalSection
	GlobalSection(ExtensibilityGlobals) = postSolution
		SolutionGuid = {B9EEEEC6-3A05-430C-9867-2F0060514F99}
	EndGlobalSection
EndGlobal
